{
    "_meta": {
        "hash": {
            "sha256": "0901e2771972e56d358b966968c5beb20e4d9cef9920b31f3a49871808064d76"
        },
        "pipfile-spec": 6,
        "requires": {
            "python_version": "2.7"
        },
        "sources": [
            {
                "name": "pypi",
                "url": "https://pypi.org/simple",
                "verify_ssl": true
            }
        ]
    },
    "default": {
        "adafruit-dht": {
            "hashes": [
                "sha256:7af8a7683a5e45c715dc373bbdf6d23f50195b159948fde7c6c37f2add0cab82"
            ],
            "version": "==1.3.4"
        },
        "gpiozero": {
            "hashes": [
                "sha256:1ea5b582ceaf98b33914c60916a56651d8b187e33642aa77b15df33909a228c8",
                "sha256:b4b074e56dea12c21b05e6feef792719a392a245f5e685bc56be3dc2546f8609"
            ],
            "index": "pypi",
            "version": "==1.4.1"
        }
    },
    "develop": {}
}